
Microsoft Visual Studio Solution File, Format Version 12.00
# Visual Studio 2013
VisualStudioVersion = 12.0.30723.0
MinimumVisualStudioVersion = 10.0.40219.1
Project("{8BC9CEB8-8B4A-11D0-8D11-00A0C91BC942}") = "Engine", "Engine\Engine.vcxproj", "{85E42C26-E5E1-4F4D-AA96-92FA61A575ED}"
	ProjectSection(ProjectDependencies) = postProject
		{EA50E705-5113-49E5-B105-2512EDC8DDC6} = {EA50E705-5113-49E5-B105-2512EDC8DDC6}
		{BED889A0-A68A-45E1-91C0-A3612C3DE20C} = {BED889A0-A68A-45E1-91C0-A3612C3DE20C}
		{75C94DD1-89E0-4820-B174-A8B233990229} = {75C94DD1-89E0-4820-B174-A8B233990229}
	EndProjectSection
EndProject
Project("{8BC9CEB8-8B4A-11D0-8D11-00A0C91BC942}") = "ret", "ret library\ret\ret.vcxproj", "{BED889A0-A68A-45E1-91C0-A3612C3DE20C}"
EndProject
Project("{FAE04EC0-301F-11D3-BF4B-00C04F79EFBC}") = "MochaEditor", "MochaEditor\MochaEditor.csproj", "{69A46D82-A025-4E91-BB33-69CBA4FC5715}"
	ProjectSection(ProjectDependencies) = postProject
		{85E42C26-E5E1-4F4D-AA96-92FA61A575ED} = {85E42C26-E5E1-4F4D-AA96-92FA61A575ED}
		{BED889A0-A68A-45E1-91C0-A3612C3DE20C} = {BED889A0-A68A-45E1-91C0-A3612C3DE20C}
	EndProjectSection
EndProject
Project("{8BC9CEB8-8B4A-11D0-8D11-00A0C91BC942}") = "MochaUnitTests", "MochaUnitTests\MochaUnitTests.vcxproj", "{7F1E031C-6853-4092-8A42-F95879D2992B}"
	ProjectSection(ProjectDependencies) = postProject
		{85E42C26-E5E1-4F4D-AA96-92FA61A575ED} = {85E42C26-E5E1-4F4D-AA96-92FA61A575ED}
		{BED889A0-A68A-45E1-91C0-A3612C3DE20C} = {BED889A0-A68A-45E1-91C0-A3612C3DE20C}
		{75C94DD1-89E0-4820-B174-A8B233990229} = {75C94DD1-89E0-4820-B174-A8B233990229}
	EndProjectSection
EndProject
Project("{8BC9CEB8-8B4A-11D0-8D11-00A0C91BC942}") = "SharpMocha", "SharpMocha\SharpMocha.vcxproj", "{0EDFEFF9-9B03-4F4B-86FB-7E1589449959}"
	ProjectSection(ProjectDependencies) = postProject
		{EA50E705-5113-49E5-B105-2512EDC8DDC6} = {EA50E705-5113-49E5-B105-2512EDC8DDC6}
		{7F1E031C-6853-4092-8A42-F95879D2992B} = {7F1E031C-6853-4092-8A42-F95879D2992B}
		{85E42C26-E5E1-4F4D-AA96-92FA61A575ED} = {85E42C26-E5E1-4F4D-AA96-92FA61A575ED}
		{69A46D82-A025-4E91-BB33-69CBA4FC5715} = {69A46D82-A025-4E91-BB33-69CBA4FC5715}
		{BED889A0-A68A-45E1-91C0-A3612C3DE20C} = {BED889A0-A68A-45E1-91C0-A3612C3DE20C}
		{75C94DD1-89E0-4820-B174-A8B233990229} = {75C94DD1-89E0-4820-B174-A8B233990229}
	EndProjectSection
EndProject
Project("{8BC9CEB8-8B4A-11D0-8D11-00A0C91BC942}") = "Roaster", "Roaster\Roaster.vcxproj", "{B782D8A1-C8FF-4BAB-925B-4738A16C6CBB}"
	ProjectSection(ProjectDependencies) = postProject
		{75C94DD1-89E0-4820-B174-A8B233990229} = {75C94DD1-89E0-4820-B174-A8B233990229}
	EndProjectSection
EndProject
Project("{8BC9CEB8-8B4A-11D0-8D11-00A0C91BC942}") = "MochaMath", "MochaMath\MochaMath.vcxproj", "{75C94DD1-89E0-4820-B174-A8B233990229}"
EndProject
Project("{FAE04EC0-301F-11D3-BF4B-00C04F79EFBC}") = "MochaCore", "MochaCore\MochaCore.csproj", "{782B2E79-D60F-47B2-B850-D5F4877893D0}"
	ProjectSection(ProjectDependencies) = postProject
		{7F1E031C-6853-4092-8A42-F95879D2992B} = {7F1E031C-6853-4092-8A42-F95879D2992B}
		{85E42C26-E5E1-4F4D-AA96-92FA61A575ED} = {85E42C26-E5E1-4F4D-AA96-92FA61A575ED}
		{BED889A0-A68A-45E1-91C0-A3612C3DE20C} = {BED889A0-A68A-45E1-91C0-A3612C3DE20C}
		{B782D8A1-C8FF-4BAB-925B-4738A16C6CBB} = {B782D8A1-C8FF-4BAB-925B-4738A16C6CBB}
		{75C94DD1-89E0-4820-B174-A8B233990229} = {75C94DD1-89E0-4820-B174-A8B233990229}
	EndProjectSection
EndProject
Project("{FAE04EC0-301F-11D3-BF4B-00C04F79EFBC}") = "MochaEngine", "MochaEngine\MochaEngine.csproj", "{2C1DFEBF-FC27-474D-8E4F-460EB4A59AC0}"
	ProjectSection(ProjectDependencies) = postProject
		{7F1E031C-6853-4092-8A42-F95879D2992B} = {7F1E031C-6853-4092-8A42-F95879D2992B}
		{85E42C26-E5E1-4F4D-AA96-92FA61A575ED} = {85E42C26-E5E1-4F4D-AA96-92FA61A575ED}
		{BED889A0-A68A-45E1-91C0-A3612C3DE20C} = {BED889A0-A68A-45E1-91C0-A3612C3DE20C}
		{B782D8A1-C8FF-4BAB-925B-4738A16C6CBB} = {B782D8A1-C8FF-4BAB-925B-4738A16C6CBB}
		{75C94DD1-89E0-4820-B174-A8B233990229} = {75C94DD1-89E0-4820-B174-A8B233990229}
	EndProjectSection
EndProject
Project("{8BC9CEB8-8B4A-11D0-8D11-00A0C91BC942}") = "LibOVR", "LibOVR\Projects\Win32\VS2013\LibOVR.vcxproj", "{EA50E705-5113-49E5-B105-2512EDC8DDC6}"
EndProject
Global
	GlobalSection(SolutionConfigurationPlatforms) = preSolution
		Debug|Any CPU = Debug|Any CPU
		Debug|Mixed Platforms = Debug|Mixed Platforms
		Debug|Win32 = Debug|Win32
		Debug|x64 = Debug|x64
		Debug|x86 = Debug|x86
		Release|Any CPU = Release|Any CPU
		Release|Mixed Platforms = Release|Mixed Platforms
		Release|Win32 = Release|Win32
		Release|x64 = Release|x64
		Release|x86 = Release|x86
	EndGlobalSection
	GlobalSection(ProjectConfigurationPlatforms) = postSolution
		{85E42C26-E5E1-4F4D-AA96-92FA61A575ED}.Debug|Any CPU.ActiveCfg = Debug|Win32
		{85E42C26-E5E1-4F4D-AA96-92FA61A575ED}.Debug|Any CPU.Build.0 = Debug|Win32
		{85E42C26-E5E1-4F4D-AA96-92FA61A575ED}.Debug|Mixed Platforms.ActiveCfg = Debug|Win32
		{85E42C26-E5E1-4F4D-AA96-92FA61A575ED}.Debug|Mixed Platforms.Build.0 = Debug|Win32
		{85E42C26-E5E1-4F4D-AA96-92FA61A575ED}.Debug|Win32.ActiveCfg = Debug|Win32
		{85E42C26-E5E1-4F4D-AA96-92FA61A575ED}.Debug|Win32.Build.0 = Debug|Win32
		{85E42C26-E5E1-4F4D-AA96-92FA61A575ED}.Debug|x64.ActiveCfg = Debug|Win32
		{85E42C26-E5E1-4F4D-AA96-92FA61A575ED}.Debug|x86.ActiveCfg = Debug|Win32
		{85E42C26-E5E1-4F4D-AA96-92FA61A575ED}.Debug|x86.Build.0 = Debug|Win32
		{85E42C26-E5E1-4F4D-AA96-92FA61A575ED}.Release|Any CPU.ActiveCfg = Release|Win32
		{85E42C26-E5E1-4F4D-AA96-92FA61A575ED}.Release|Any CPU.Build.0 = Release|Win32
		{85E42C26-E5E1-4F4D-AA96-92FA61A575ED}.Release|Mixed Platforms.ActiveCfg = Release|Win32
		{85E42C26-E5E1-4F4D-AA96-92FA61A575ED}.Release|Mixed Platforms.Build.0 = Release|Win32
		{85E42C26-E5E1-4F4D-AA96-92FA61A575ED}.Release|Win32.ActiveCfg = Release|Win32
		{85E42C26-E5E1-4F4D-AA96-92FA61A575ED}.Release|Win32.Build.0 = Release|Win32
		{85E42C26-E5E1-4F4D-AA96-92FA61A575ED}.Release|x64.ActiveCfg = Release|Win32
		{85E42C26-E5E1-4F4D-AA96-92FA61A575ED}.Release|x86.ActiveCfg = Release|Win32
		{85E42C26-E5E1-4F4D-AA96-92FA61A575ED}.Release|x86.Build.0 = Release|Win32
		{BED889A0-A68A-45E1-91C0-A3612C3DE20C}.Debug|Any CPU.ActiveCfg = Debug|Win32
		{BED889A0-A68A-45E1-91C0-A3612C3DE20C}.Debug|Any CPU.Build.0 = Debug|Win32
		{BED889A0-A68A-45E1-91C0-A3612C3DE20C}.Debug|Mixed Platforms.ActiveCfg = Debug|Win32
		{BED889A0-A68A-45E1-91C0-A3612C3DE20C}.Debug|Mixed Platforms.Build.0 = Debug|Win32
		{BED889A0-A68A-45E1-91C0-A3612C3DE20C}.Debug|Win32.ActiveCfg = Debug|Win32
		{BED889A0-A68A-45E1-91C0-A3612C3DE20C}.Debug|Win32.Build.0 = Debug|Win32
		{BED889A0-A68A-45E1-91C0-A3612C3DE20C}.Debug|x64.ActiveCfg = Debug|Win32
		{BED889A0-A68A-45E1-91C0-A3612C3DE20C}.Debug|x86.ActiveCfg = Debug|Win32
		{BED889A0-A68A-45E1-91C0-A3612C3DE20C}.Debug|x86.Build.0 = Debug|Win32
		{BED889A0-A68A-45E1-91C0-A3612C3DE20C}.Release|Any CPU.ActiveCfg = Release|Win32
		{BED889A0-A68A-45E1-91C0-A3612C3DE20C}.Release|Any CPU.Build.0 = Release|Win32
		{BED889A0-A68A-45E1-91C0-A3612C3DE20C}.Release|Mixed Platforms.ActiveCfg = Release|Win32
		{BED889A0-A68A-45E1-91C0-A3612C3DE20C}.Release|Mixed Platforms.Build.0 = Release|Win32
		{BED889A0-A68A-45E1-91C0-A3612C3DE20C}.Release|Win32.ActiveCfg = Release|Win32
		{BED889A0-A68A-45E1-91C0-A3612C3DE20C}.Release|Win32.Build.0 = Release|Win32
		{BED889A0-A68A-45E1-91C0-A3612C3DE20C}.Release|x64.ActiveCfg = Release|Win32
		{BED889A0-A68A-45E1-91C0-A3612C3DE20C}.Release|x86.ActiveCfg = Release|Win32
		{BED889A0-A68A-45E1-91C0-A3612C3DE20C}.Release|x86.Build.0 = Release|Win32
		{69A46D82-A025-4E91-BB33-69CBA4FC5715}.Debug|Any CPU.ActiveCfg = Debug|Any CPU
		{69A46D82-A025-4E91-BB33-69CBA4FC5715}.Debug|Any CPU.Build.0 = Debug|Any CPU
		{69A46D82-A025-4E91-BB33-69CBA4FC5715}.Debug|Mixed Platforms.ActiveCfg = Debug|Any CPU
		{69A46D82-A025-4E91-BB33-69CBA4FC5715}.Debug|Mixed Platforms.Build.0 = Debug|Any CPU
		{69A46D82-A025-4E91-BB33-69CBA4FC5715}.Debug|Win32.ActiveCfg = Debug|Any CPU
		{69A46D82-A025-4E91-BB33-69CBA4FC5715}.Debug|x64.ActiveCfg = Debug|Any CPU
		{69A46D82-A025-4E91-BB33-69CBA4FC5715}.Debug|x86.ActiveCfg = Debug|Any CPU
		{69A46D82-A025-4E91-BB33-69CBA4FC5715}.Release|Any CPU.ActiveCfg = Release|Any CPU
		{69A46D82-A025-4E91-BB33-69CBA4FC5715}.Release|Any CPU.Build.0 = Release|Any CPU
		{69A46D82-A025-4E91-BB33-69CBA4FC5715}.Release|Mixed Platforms.ActiveCfg = Release|Any CPU
		{69A46D82-A025-4E91-BB33-69CBA4FC5715}.Release|Mixed Platforms.Build.0 = Release|Any CPU
		{69A46D82-A025-4E91-BB33-69CBA4FC5715}.Release|Win32.ActiveCfg = Release|Any CPU
		{69A46D82-A025-4E91-BB33-69CBA4FC5715}.Release|x64.ActiveCfg = Release|Any CPU
		{69A46D82-A025-4E91-BB33-69CBA4FC5715}.Release|x86.ActiveCfg = Release|Any CPU
		{7F1E031C-6853-4092-8A42-F95879D2992B}.Debug|Any CPU.ActiveCfg = Debug|Win32
		{7F1E031C-6853-4092-8A42-F95879D2992B}.Debug|Any CPU.Build.0 = Debug|Win32
		{7F1E031C-6853-4092-8A42-F95879D2992B}.Debug|Mixed Platforms.ActiveCfg = Debug|Win32
		{7F1E031C-6853-4092-8A42-F95879D2992B}.Debug|Mixed Platforms.Build.0 = Debug|Win32
		{7F1E031C-6853-4092-8A42-F95879D2992B}.Debug|Win32.ActiveCfg = Debug|Win32
		{7F1E031C-6853-4092-8A42-F95879D2992B}.Debug|Win32.Build.0 = Debug|Win32
		{7F1E031C-6853-4092-8A42-F95879D2992B}.Debug|x64.ActiveCfg = Debug|Win32
		{7F1E031C-6853-4092-8A42-F95879D2992B}.Debug|x86.ActiveCfg = Debug|Win32
		{7F1E031C-6853-4092-8A42-F95879D2992B}.Release|Any CPU.ActiveCfg = Release|Win32
		{7F1E031C-6853-4092-8A42-F95879D2992B}.Release|Mixed Platforms.ActiveCfg = Release|Win32
		{7F1E031C-6853-4092-8A42-F95879D2992B}.Release|Mixed Platforms.Build.0 = Release|Win32
		{7F1E031C-6853-4092-8A42-F95879D2992B}.Release|Win32.ActiveCfg = Release|Win32
		{7F1E031C-6853-4092-8A42-F95879D2992B}.Release|Win32.Build.0 = Release|Win32
		{7F1E031C-6853-4092-8A42-F95879D2992B}.Release|x64.ActiveCfg = Release|Win32
		{7F1E031C-6853-4092-8A42-F95879D2992B}.Release|x86.ActiveCfg = Release|Win32
		{0EDFEFF9-9B03-4F4B-86FB-7E1589449959}.Debug|Any CPU.ActiveCfg = Debug|Win32
		{0EDFEFF9-9B03-4F4B-86FB-7E1589449959}.Debug|Any CPU.Build.0 = Debug|Win32
		{0EDFEFF9-9B03-4F4B-86FB-7E1589449959}.Debug|Mixed Platforms.ActiveCfg = Debug|Win32
		{0EDFEFF9-9B03-4F4B-86FB-7E1589449959}.Debug|Mixed Platforms.Build.0 = Debug|Win32
		{0EDFEFF9-9B03-4F4B-86FB-7E1589449959}.Debug|Win32.ActiveCfg = Debug|Win32
		{0EDFEFF9-9B03-4F4B-86FB-7E1589449959}.Debug|Win32.Build.0 = Debug|Win32
		{0EDFEFF9-9B03-4F4B-86FB-7E1589449959}.Debug|x64.ActiveCfg = Debug|Win32
		{0EDFEFF9-9B03-4F4B-86FB-7E1589449959}.Debug|x86.ActiveCfg = Debug|Win32
		{0EDFEFF9-9B03-4F4B-86FB-7E1589449959}.Debug|x86.Build.0 = Debug|Win32
		{0EDFEFF9-9B03-4F4B-86FB-7E1589449959}.Release|Any CPU.ActiveCfg = Release|Win32
		{0EDFEFF9-9B03-4F4B-86FB-7E1589449959}.Release|Any CPU.Build.0 = Release|Win32
		{0EDFEFF9-9B03-4F4B-86FB-7E1589449959}.Release|Mixed Platforms.ActiveCfg = Release|Win32
		{0EDFEFF9-9B03-4F4B-86FB-7E1589449959}.Release|Mixed Platforms.Build.0 = Release|Win32
		{0EDFEFF9-9B03-4F4B-86FB-7E1589449959}.Release|Win32.ActiveCfg = Release|Win32
		{0EDFEFF9-9B03-4F4B-86FB-7E1589449959}.Release|Win32.Build.0 = Release|Win32
		{0EDFEFF9-9B03-4F4B-86FB-7E1589449959}.Release|x64.ActiveCfg = Release|Win32
		{0EDFEFF9-9B03-4F4B-86FB-7E1589449959}.Release|x86.ActiveCfg = Release|Win32
		{0EDFEFF9-9B03-4F4B-86FB-7E1589449959}.Release|x86.Build.0 = Release|Win32
		{B782D8A1-C8FF-4BAB-925B-4738A16C6CBB}.Debug|Any CPU.ActiveCfg = Debug|Win32
		{B782D8A1-C8FF-4BAB-925B-4738A16C6CBB}.Debug|Mixed Platforms.ActiveCfg = Debug|Win32
		{B782D8A1-C8FF-4BAB-925B-4738A16C6CBB}.Debug|Mixed Platforms.Build.0 = Debug|Win32
		{B782D8A1-C8FF-4BAB-925B-4738A16C6CBB}.Debug|Win32.ActiveCfg = Debug|Win32
		{B782D8A1-C8FF-4BAB-925B-4738A16C6CBB}.Debug|Win32.Build.0 = Debug|Win32
		{B782D8A1-C8FF-4BAB-925B-4738A16C6CBB}.Debug|x64.ActiveCfg = Debug|Win32
		{B782D8A1-C8FF-4BAB-925B-4738A16C6CBB}.Debug|x86.ActiveCfg = Debug|Win32
		{B782D8A1-C8FF-4BAB-925B-4738A16C6CBB}.Debug|x86.Build.0 = Debug|Win32
		{B782D8A1-C8FF-4BAB-925B-4738A16C6CBB}.Release|Any CPU.ActiveCfg = Release|Win32
		{B782D8A1-C8FF-4BAB-925B-4738A16C6CBB}.Release|Mixed Platforms.ActiveCfg = Release|Win32
		{B782D8A1-C8FF-4BAB-925B-4738A16C6CBB}.Release|Mixed Platforms.Build.0 = Release|Win32
		{B782D8A1-C8FF-4BAB-925B-4738A16C6CBB}.Release|Win32.ActiveCfg = Release|Win32
		{B782D8A1-C8FF-4BAB-925B-4738A16C6CBB}.Release|Win32.Build.0 = Release|Win32
		{B782D8A1-C8FF-4BAB-925B-4738A16C6CBB}.Release|x64.ActiveCfg = Release|Win32
		{B782D8A1-C8FF-4BAB-925B-4738A16C6CBB}.Release|x86.ActiveCfg = Release|Win32
		{B782D8A1-C8FF-4BAB-925B-4738A16C6CBB}.Release|x86.Build.0 = Release|Win32
		{75C94DD1-89E0-4820-B174-A8B233990229}.Debug|Any CPU.ActiveCfg = Debug|Win32
		{75C94DD1-89E0-4820-B174-A8B233990229}.Debug|Any CPU.Build.0 = Debug|Win32
		{75C94DD1-89E0-4820-B174-A8B233990229}.Debug|Mixed Platforms.ActiveCfg = Debug|Win32
		{75C94DD1-89E0-4820-B174-A8B233990229}.Debug|Mixed Platforms.Build.0 = Debug|Win32
		{75C94DD1-89E0-4820-B174-A8B233990229}.Debug|Win32.ActiveCfg = Debug|Win32
		{75C94DD1-89E0-4820-B174-A8B233990229}.Debug|Win32.Build.0 = Debug|Win32
		{75C94DD1-89E0-4820-B174-A8B233990229}.Debug|x64.ActiveCfg = Debug|Win32
		{75C94DD1-89E0-4820-B174-A8B233990229}.Debug|x86.ActiveCfg = Debug|Win32
		{75C94DD1-89E0-4820-B174-A8B233990229}.Debug|x86.Build.0 = Debug|Win32
		{75C94DD1-89E0-4820-B174-A8B233990229}.Release|Any CPU.ActiveCfg = Release|Win32
		{75C94DD1-89E0-4820-B174-A8B233990229}.Release|Any CPU.Build.0 = Release|Win32
		{75C94DD1-89E0-4820-B174-A8B233990229}.Release|Mixed Platforms.ActiveCfg = Release|Win32
		{75C94DD1-89E0-4820-B174-A8B233990229}.Release|Mixed Platforms.Build.0 = Release|Win32
		{75C94DD1-89E0-4820-B174-A8B233990229}.Release|Win32.ActiveCfg = Release|Win32
		{75C94DD1-89E0-4820-B174-A8B233990229}.Release|Win32.Build.0 = Release|Win32
		{75C94DD1-89E0-4820-B174-A8B233990229}.Release|x64.ActiveCfg = Release|Win32
		{75C94DD1-89E0-4820-B174-A8B233990229}.Release|x86.ActiveCfg = Release|Win32
		{75C94DD1-89E0-4820-B174-A8B233990229}.Release|x86.Build.0 = Release|Win32
		{782B2E79-D60F-47B2-B850-D5F4877893D0}.Debug|Any CPU.ActiveCfg = Debug|Any CPU
		{782B2E79-D60F-47B2-B850-D5F4877893D0}.Debug|Any CPU.Build.0 = Debug|Any CPU
		{782B2E79-D60F-47B2-B850-D5F4877893D0}.Debug|Mixed Platforms.ActiveCfg = Debug|Any CPU
		{782B2E79-D60F-47B2-B850-D5F4877893D0}.Debug|Mixed Platforms.Build.0 = Debug|Any CPU
		{782B2E79-D60F-47B2-B850-D5F4877893D0}.Debug|Win32.ActiveCfg = Debug|Any CPU
		{782B2E79-D60F-47B2-B850-D5F4877893D0}.Debug|x64.ActiveCfg = Debug|Any CPU
		{782B2E79-D60F-47B2-B850-D5F4877893D0}.Debug|x86.ActiveCfg = Debug|Any CPU
		{782B2E79-D60F-47B2-B850-D5F4877893D0}.Release|Any CPU.ActiveCfg = Release|Any CPU
		{782B2E79-D60F-47B2-B850-D5F4877893D0}.Release|Any CPU.Build.0 = Release|Any CPU
		{782B2E79-D60F-47B2-B850-D5F4877893D0}.Release|Mixed Platforms.ActiveCfg = Release|Any CPU
		{782B2E79-D60F-47B2-B850-D5F4877893D0}.Release|Mixed Platforms.Build.0 = Release|Any CPU
		{782B2E79-D60F-47B2-B850-D5F4877893D0}.Release|Win32.ActiveCfg = Release|Any CPU
		{782B2E79-D60F-47B2-B850-D5F4877893D0}.Release|x64.ActiveCfg = Release|Any CPU
		{782B2E79-D60F-47B2-B850-D5F4877893D0}.Release|x86.ActiveCfg = Release|Any CPU
		{2C1DFEBF-FC27-474D-8E4F-460EB4A59AC0}.Debug|Any CPU.ActiveCfg = Debug|Any CPU
		{2C1DFEBF-FC27-474D-8E4F-460EB4A59AC0}.Debug|Any CPU.Build.0 = Debug|Any CPU
		{2C1DFEBF-FC27-474D-8E4F-460EB4A59AC0}.Debug|Mixed Platforms.ActiveCfg = Debug|Any CPU
		{2C1DFEBF-FC27-474D-8E4F-460EB4A59AC0}.Debug|Mixed Platforms.Build.0 = Debug|Any CPU
		{2C1DFEBF-FC27-474D-8E4F-460EB4A59AC0}.Debug|Win32.ActiveCfg = Debug|Any CPU
		{2C1DFEBF-FC27-474D-8E4F-460EB4A59AC0}.Debug|x64.ActiveCfg = Debug|Any CPU
		{2C1DFEBF-FC27-474D-8E4F-460EB4A59AC0}.Debug|x86.ActiveCfg = Debug|Any CPU
		{2C1DFEBF-FC27-474D-8E4F-460EB4A59AC0}.Release|Any CPU.ActiveCfg = Release|Any CPU
		{2C1DFEBF-FC27-474D-8E4F-460EB4A59AC0}.Release|Any CPU.Build.0 = Release|Any CPU
		{2C1DFEBF-FC27-474D-8E4F-460EB4A59AC0}.Release|Mixed Platforms.ActiveCfg = Release|Any CPU
		{2C1DFEBF-FC27-474D-8E4F-460EB4A59AC0}.Release|Mixed Platforms.Build.0 = Release|Any CPU
		{2C1DFEBF-FC27-474D-8E4F-460EB4A59AC0}.Release|Win32.ActiveCfg = Release|Any CPU
		{2C1DFEBF-FC27-474D-8E4F-460EB4A59AC0}.Release|x64.ActiveCfg = Release|Any CPU
		{2C1DFEBF-FC27-474D-8E4F-460EB4A59AC0}.Release|x86.ActiveCfg = Release|Any CPU
		{EA50E705-5113-49E5-B105-2512EDC8DDC6}.Debug|Any CPU.ActiveCfg = Debug|Win32
		{EA50E705-5113-49E5-B105-2512EDC8DDC6}.Debug|Any CPU.Build.0 = Debug|Win32
		{EA50E705-5113-49E5-B105-2512EDC8DDC6}.Debug|Mixed Platforms.ActiveCfg = Debug|Win32
		{EA50E705-5113-49E5-B105-2512EDC8DDC6}.Debug|Mixed Platforms.Build.0 = Debug|Win32
		{EA50E705-5113-49E5-B105-2512EDC8DDC6}.Debug|Win32.ActiveCfg = Debug|Win32
		{EA50E705-5113-49E5-B105-2512EDC8DDC6}.Debug|Win32.Build.0 = Debug|Win32
		{EA50E705-5113-49E5-B105-2512EDC8DDC6}.Debug|x64.ActiveCfg = Debug|x64
		{EA50E705-5113-49E5-B105-2512EDC8DDC6}.Debug|x64.Build.0 = Debug|x64
		{EA50E705-5113-49E5-B105-2512EDC8DDC6}.Debug|x86.ActiveCfg = Debug|Win32
		{EA50E705-5113-49E5-B105-2512EDC8DDC6}.Debug|x86.Build.0 = Debug|Win32
		{EA50E705-5113-49E5-B105-2512EDC8DDC6}.Release|Any CPU.ActiveCfg = Release|Win32
		{EA50E705-5113-49E5-B105-2512EDC8DDC6}.Release|Any CPU.Build.0 = Release|Win32
		{EA50E705-5113-49E5-B105-2512EDC8DDC6}.Release|Mixed Platforms.ActiveCfg = Release|Win32
		{EA50E705-5113-49E5-B105-2512EDC8DDC6}.Release|Mixed Platforms.Build.0 = Release|Win32
		{EA50E705-5113-49E5-B105-2512EDC8DDC6}.Release|Win32.ActiveCfg = Release|Win32
		{EA50E705-5113-49E5-B105-2512EDC8DDC6}.Release|Win32.Build.0 = Release|Win32
		{EA50E705-5113-49E5-B105-2512EDC8DDC6}.Release|x64.ActiveCfg = Release|x64
		{EA50E705-5113-49E5-B105-2512EDC8DDC6}.Release|x64.Build.0 = Release|x64
		{EA50E705-5113-49E5-B105-2512EDC8DDC6}.Release|x86.ActiveCfg = Release|Win32
		{EA50E705-5113-49E5-B105-2512EDC8DDC6}.Release|x86.Build.0 = Release|Win32
	EndGlobalSection
	GlobalSection(SolutionProperties) = preSolution
		HideSolutionNode = FALSE
	EndGlobalSection
EndGlobal
