<?xml version="1.0" encoding="utf-8"?>
<Project ToolsVersion="4.0" xmlns="http://schemas.microsoft.com/developer/msbuild/2003">
  <ItemGroup>
    <Filter Include="Source Files">
      <UniqueIdentifier>{4FC737F1-C7A5-4376-A066-2A32D752A2FF}</UniqueIdentifier>
      <Extensions>cpp;c;cc;cxx;def;odl;idl;hpj;bat;asm;asmx</Extensions>
    </Filter>
    <Filter Include="Header Files">
      <UniqueIdentifier>{93995380-89BD-4b04-88EB-625FBE52EBFB}</UniqueIdentifier>
      <Extensions>h;hh;hpp;hxx;hm;inl;inc;xsd</Extensions>
    </Filter>
    <Filter Include="Resource Files">
      <UniqueIdentifier>{67DA6AB6-F800-4c08-8B7A-83BB121AAD01}</UniqueIdentifier>
      <Extensions>rc;ico;cur;bmp;dlg;rc2;rct;bin;rgs;gif;jpg;jpeg;jpe;resx;tiff;tif;png;wav;mfcribbon-ms</Extensions>
    </Filter>
  </ItemGroup>
  <ItemGroup>
    <ClCompile Include="main.cpp">
      <Filter>Source Files</Filter>
    </ClCompile>
    <ClCompile Include="FBXUtility.cpp">
      <Filter>Source Files</Filter>
    </ClCompile>
    <ClCompile Include="FBXConversion.cpp">
      <Filter>Source Files</Filter>
    </ClCompile>
    <ClCompile Include="FBXExporter.cpp">
      <Filter>Source Files</Filter>
    </ClCompile>
    <ClCompile Include="FMODBankExporter.cpp">
      <Filter>Source Files</Filter>
    </ClCompile>
    <ClCompile Include="HACDfiles\ConstraintBuilder.cpp">
      <Filter>Source Files</Filter>
    </ClCompile>
    <ClCompile Include="HACDfiles\ConvexHull.cpp">
      <Filter>Source Files</Filter>
    </ClCompile>
    <ClCompile Include="HACDfiles\dgConvexHull3d.cpp">
      <Filter>Source Files</Filter>
    </ClCompile>
    <ClCompile Include="HACDfiles\dgGoogol.cpp">
      <Filter>Source Files</Filter>
    </ClCompile>
    <ClCompile Include="HACDfiles\dgMatrix.cpp">
      <Filter>Source Files</Filter>
    </ClCompile>
    <ClCompile Include="HACDfiles\dgMeshEffect.cpp">
      <Filter>Source Files</Filter>
    </ClCompile>
    <ClCompile Include="HACDfiles\dgMeshEffect2.cpp">
      <Filter>Source Files</Filter>
    </ClCompile>
    <ClCompile Include="HACDfiles\dgMeshEffect3.cpp">
      <Filter>Source Files</Filter>
    </ClCompile>
    <ClCompile Include="HACDfiles\dgPolyhedra.cpp">
      <Filter>Source Files</Filter>
    </ClCompile>
    <ClCompile Include="HACDfiles\dgQuaternion.cpp">
      <Filter>Source Files</Filter>
    </ClCompile>
    <ClCompile Include="HACDfiles\dgSmallDeterminant.cpp">
      <Filter>Source Files</Filter>
    </ClCompile>
    <ClCompile Include="HACDfiles\dgSphere.cpp">
      <Filter>Source Files</Filter>
    </ClCompile>
    <ClCompile Include="HACDfiles\dgTree.cpp">
      <Filter>Source Files</Filter>
    </ClCompile>
    <ClCompile Include="HACDfiles\dgTypes.cpp">
      <Filter>Source Files</Filter>
    </ClCompile>
    <ClCompile Include="HACDfiles\FloatMath.cpp">
      <Filter>Source Files</Filter>
    </ClCompile>
    <ClCompile Include="HACDfiles\HACD.cpp">
      <Filter>Source Files</Filter>
    </ClCompile>
    <ClCompile Include="HACDfiles\hacdGraph.cpp">
      <Filter>Source Files</Filter>
    </ClCompile>
    <ClCompile Include="HACDfiles\hacdHACD.cpp">
      <Filter>Source Files</Filter>
    </ClCompile>
    <ClCompile Include="HACDfiles\hacdICHull.cpp">
      <Filter>Source Files</Filter>
    </ClCompile>
    <ClCompile Include="HACDfiles\hacdManifoldMesh.cpp">
      <Filter>Source Files</Filter>
    </ClCompile>
    <ClCompile Include="HACDfiles\MergeHulls.cpp">
      <Filter>Source Files</Filter>
    </ClCompile>
    <ClCompile Include="HACDfiles\MeshImport.cpp">
      <Filter>Source Files</Filter>
    </ClCompile>
    <ClCompile Include="HACDfiles\PxMapSet.cpp">
      <Filter>Source Files</Filter>
    </ClCompile>
    <ClCompile Include="HACDfiles\TriTri.cpp">
      <Filter>Source Files</Filter>
    </ClCompile>
    <ClCompile Include="HACDfiles\WuQuantizer.cpp">
      <Filter>Source Files</Filter>
    </ClCompile>
    <ClCompile Include="HACDfiles\Helper.cpp">
      <Filter>Source Files</Filter>
    </ClCompile>
  </ItemGroup>
  <ItemGroup>
    <ClInclude Include="FBXConversion.h">
      <Filter>Header Files</Filter>
    </ClInclude>
    <ClInclude Include="FBXData.h">
      <Filter>Header Files</Filter>
    </ClInclude>
    <ClInclude Include="FBXExporter.h">
      <Filter>Header Files</Filter>
    </ClInclude>
    <ClInclude Include="FBXUtility.h">
      <Filter>Header Files</Filter>
    </ClInclude>
    <ClInclude Include="RoasterUtility.h">
      <Filter>Header Files</Filter>
    </ClInclude>
    <ClInclude Include="FMODBankExporter.h">
      <Filter>Header Files</Filter>
    </ClInclude>
    <ClInclude Include="ChunkFileWriter.h">
      <Filter>Header Files</Filter>
    </ClInclude>
    <ClInclude Include="HACDfiles\ConstraintBuilder.h">
      <Filter>Header Files</Filter>
    </ClInclude>
    <ClInclude Include="HACDfiles\ConvexHull.h">
      <Filter>Header Files</Filter>
    </ClInclude>
    <ClInclude Include="HACDfiles\dgArray.h">
      <Filter>Header Files</Filter>
    </ClInclude>
    <ClInclude Include="HACDfiles\dgConvexHull3d.h">
      <Filter>Header Files</Filter>
    </ClInclude>
    <ClInclude Include="HACDfiles\dgGoogol.h">
      <Filter>Header Files</Filter>
    </ClInclude>
    <ClInclude Include="HACDfiles\dgHeap.h">
      <Filter>Header Files</Filter>
    </ClInclude>
    <ClInclude Include="HACDfiles\dgList.h">
      <Filter>Header Files</Filter>
    </ClInclude>
    <ClInclude Include="HACDfiles\dgMatrix.h">
      <Filter>Header Files</Filter>
    </ClInclude>
    <ClInclude Include="HACDfiles\dgMeshEffect.h">
      <Filter>Header Files</Filter>
    </ClInclude>
    <ClInclude Include="HACDfiles\dgPlane.h">
      <Filter>Header Files</Filter>
    </ClInclude>
    <ClInclude Include="HACDfiles\dgPolyhedra.h">
      <Filter>Header Files</Filter>
    </ClInclude>
    <ClInclude Include="HACDfiles\dgQuaternion.h">
      <Filter>Header Files</Filter>
    </ClInclude>
    <ClInclude Include="HACDfiles\dgRefCounter.h">
      <Filter>Header Files</Filter>
    </ClInclude>
    <ClInclude Include="HACDfiles\dgSmallDeterminant.h">
      <Filter>Header Files</Filter>
    </ClInclude>
    <ClInclude Include="HACDfiles\dgSphere.h">
      <Filter>Header Files</Filter>
    </ClInclude>
    <ClInclude Include="HACDfiles\dgStack.h">
      <Filter>Header Files</Filter>
    </ClInclude>
    <ClInclude Include="HACDfiles\dgTree.h">
      <Filter>Header Files</Filter>
    </ClInclude>
    <ClInclude Include="HACDfiles\dgTypes.h">
      <Filter>Header Files</Filter>
    </ClInclude>
    <ClInclude Include="HACDfiles\dgVector.h">
      <Filter>Header Files</Filter>
    </ClInclude>
    <ClInclude Include="HACDfiles\FloatMath.h">
      <Filter>Header Files</Filter>
    </ClInclude>
    <ClInclude Include="HACDfiles\HACD.h">
      <Filter>Header Files</Filter>
    </ClInclude>
    <ClInclude Include="HACDfiles\hacdCircularList.h">
      <Filter>Header Files</Filter>
    </ClInclude>
    <ClInclude Include="HACDfiles\hacdContainer.h">
      <Filter>Header Files</Filter>
    </ClInclude>
    <ClInclude Include="HACDfiles\hacdGraph.h">
      <Filter>Header Files</Filter>
    </ClInclude>
    <ClInclude Include="HACDfiles\hacdHACD.h">
      <Filter>Header Files</Filter>
    </ClInclude>
    <ClInclude Include="HACDfiles\hacdICHull.h">
      <Filter>Header Files</Filter>
    </ClInclude>
    <ClInclude Include="HACDfiles\hacdManifoldMesh.h">
      <Filter>Header Files</Filter>
    </ClInclude>
    <ClInclude Include="HACDfiles\hacdVector.h">
      <Filter>Header Files</Filter>
    </ClInclude>
    <ClInclude Include="HACDfiles\hacdVersion.h">
      <Filter>Header Files</Filter>
    </ClInclude>
    <ClInclude Include="HACDfiles\MergeHulls.h">
      <Filter>Header Files</Filter>
    </ClInclude>
    <ClInclude Include="HACDfiles\MeshImport.h">
      <Filter>Header Files</Filter>
    </ClInclude>
    <ClInclude Include="HACDfiles\PlatformConfigHACD.h">
      <Filter>Header Files</Filter>
    </ClInclude>
    <ClInclude Include="HACDfiles\PxMapSet.h">
      <Filter>Header Files</Filter>
    </ClInclude>
    <ClInclude Include="HACDfiles\PxMapSetInternal.h">
      <Filter>Header Files</Filter>
    </ClInclude>
    <ClInclude Include="HACDfiles\PxVector.h">
      <Filter>Header Files</Filter>
    </ClInclude>
    <ClInclude Include="HACDfiles\TriTri.h">
      <Filter>Header Files</Filter>
    </ClInclude>
    <ClInclude Include="HACDfiles\WuQuantizer.h">
      <Filter>Header Files</Filter>
    </ClInclude>
    <ClInclude Include="HACDfiles\Helper.h">
      <Filter>Header Files</Filter>
    </ClInclude>
  </ItemGroup>
</Project>