<?xml version="1.0" encoding="utf-8"?>
<Project ToolsVersion="4.0" xmlns="http://schemas.microsoft.com/developer/msbuild/2003">
  <ItemGroup>
    <Filter Include="Source Files">
      <UniqueIdentifier>{4FC737F1-C7A5-4376-A066-2A32D752A2FF}</UniqueIdentifier>
      <Extensions>cpp;c;cc;cxx;def;odl;idl;hpj;bat;asm;asmx</Extensions>
    </Filter>
    <Filter Include="Header Files">
      <UniqueIdentifier>{93995380-89BD-4b04-88EB-625FBE52EBFB}</UniqueIdentifier>
      <Extensions>h;hh;hpp;hxx;hm;inl;inc;xsd</Extensions>
    </Filter>
    <Filter Include="Resource Files">
      <UniqueIdentifier>{67DA6AB6-F800-4c08-8B7A-83BB121AAD01}</UniqueIdentifier>
      <Extensions>rc;ico;cur;bmp;dlg;rc2;rct;bin;rgs;gif;jpg;jpeg;jpe;resx;tiff;tif;png;wav;mfcribbon-ms</Extensions>
    </Filter>
  </ItemGroup>
  <ItemGroup>
    <ClCompile Include="..\SharpMocha\swigwin\Source\Modules\allegrocl.cxx">
      <Filter>Source Files</Filter>
    </ClCompile>
    <ClCompile Include="..\SharpMocha\swigwin\Source\Modules\allocate.cxx">
      <Filter>Source Files</Filter>
    </ClCompile>
    <ClCompile Include="..\SharpMocha\swigwin\Source\Modules\browser.cxx">
      <Filter>Source Files</Filter>
    </ClCompile>
    <ClCompile Include="..\SharpMocha\swigwin\Source\Modules\cffi.cxx">
      <Filter>Source Files</Filter>
    </ClCompile>
    <ClCompile Include="..\SharpMocha\swigwin\Source\Modules\chicken.cxx">
      <Filter>Source Files</Filter>
    </ClCompile>
    <ClCompile Include="..\SharpMocha\swigwin\Source\Modules\clisp.cxx">
      <Filter>Source Files</Filter>
    </ClCompile>
    <ClCompile Include="..\SharpMocha\swigwin\Source\Modules\contract.cxx">
      <Filter>Source Files</Filter>
    </ClCompile>
    <ClCompile Include="..\SharpMocha\swigwin\Source\Modules\csharp.cxx">
      <Filter>Source Files</Filter>
    </ClCompile>
    <ClCompile Include="..\SharpMocha\swigwin\Source\Modules\d.cxx">
      <Filter>Source Files</Filter>
    </ClCompile>
    <ClCompile Include="..\SharpMocha\swigwin\Source\Modules\directors.cxx">
      <Filter>Source Files</Filter>
    </ClCompile>
    <ClCompile Include="..\SharpMocha\swigwin\Source\Modules\emit.cxx">
      <Filter>Source Files</Filter>
    </ClCompile>
    <ClCompile Include="..\SharpMocha\swigwin\Source\Modules\go.cxx">
      <Filter>Source Files</Filter>
    </ClCompile>
    <ClCompile Include="..\SharpMocha\swigwin\Source\Modules\guile.cxx">
      <Filter>Source Files</Filter>
    </ClCompile>
    <ClCompile Include="..\SharpMocha\swigwin\Source\Modules\java.cxx">
      <Filter>Source Files</Filter>
    </ClCompile>
    <ClCompile Include="..\SharpMocha\swigwin\Source\Modules\javascript.cxx">
      <Filter>Source Files</Filter>
    </ClCompile>
    <ClCompile Include="..\SharpMocha\swigwin\Source\Modules\lang.cxx">
      <Filter>Source Files</Filter>
    </ClCompile>
    <ClCompile Include="..\SharpMocha\swigwin\Source\Modules\lua.cxx">
      <Filter>Source Files</Filter>
    </ClCompile>
    <ClCompile Include="..\SharpMocha\swigwin\Source\Modules\main.cxx">
      <Filter>Source Files</Filter>
    </ClCompile>
    <ClCompile Include="..\SharpMocha\swigwin\Source\Modules\modula3.cxx">
      <Filter>Source Files</Filter>
    </ClCompile>
    <ClCompile Include="..\SharpMocha\swigwin\Source\Modules\module.cxx">
      <Filter>Source Files</Filter>
    </ClCompile>
    <ClCompile Include="..\SharpMocha\swigwin\Source\Modules\mzscheme.cxx">
      <Filter>Source Files</Filter>
    </ClCompile>
    <ClCompile Include="..\SharpMocha\swigwin\Source\Modules\nested.cxx">
      <Filter>Source Files</Filter>
    </ClCompile>
    <ClCompile Include="..\SharpMocha\swigwin\Source\Modules\ocaml.cxx">
      <Filter>Source Files</Filter>
    </ClCompile>
    <ClCompile Include="..\SharpMocha\swigwin\Source\Modules\octave.cxx">
      <Filter>Source Files</Filter>
    </ClCompile>
    <ClCompile Include="..\SharpMocha\swigwin\Source\Modules\overload.cxx">
      <Filter>Source Files</Filter>
    </ClCompile>
    <ClCompile Include="..\SharpMocha\swigwin\Source\Modules\perl5.cxx">
      <Filter>Source Files</Filter>
    </ClCompile>
    <ClCompile Include="..\SharpMocha\swigwin\Source\Modules\php.cxx">
      <Filter>Source Files</Filter>
    </ClCompile>
    <ClCompile Include="..\SharpMocha\swigwin\Source\Modules\pike.cxx">
      <Filter>Source Files</Filter>
    </ClCompile>
    <ClCompile Include="..\SharpMocha\swigwin\Source\Modules\python.cxx">
      <Filter>Source Files</Filter>
    </ClCompile>
    <ClCompile Include="..\SharpMocha\swigwin\Source\Modules\r.cxx">
      <Filter>Source Files</Filter>
    </ClCompile>
    <ClCompile Include="..\SharpMocha\swigwin\Source\Modules\ruby.cxx">
      <Filter>Source Files</Filter>
    </ClCompile>
    <ClCompile Include="..\SharpMocha\swigwin\Source\Modules\s-exp.cxx">
      <Filter>Source Files</Filter>
    </ClCompile>
    <ClCompile Include="..\SharpMocha\swigwin\Source\Modules\swigmain.cxx">
      <Filter>Source Files</Filter>
    </ClCompile>
    <ClCompile Include="..\SharpMocha\swigwin\Source\Modules\tcl8.cxx">
      <Filter>Source Files</Filter>
    </ClCompile>
    <ClCompile Include="..\SharpMocha\swigwin\Source\Modules\typepass.cxx">
      <Filter>Source Files</Filter>
    </ClCompile>
    <ClCompile Include="..\SharpMocha\swigwin\Source\Modules\uffi.cxx">
      <Filter>Source Files</Filter>
    </ClCompile>
    <ClCompile Include="..\SharpMocha\swigwin\Source\Modules\utils.cxx">
      <Filter>Source Files</Filter>
    </ClCompile>
    <ClCompile Include="..\SharpMocha\swigwin\Source\Modules\xml.cxx">
      <Filter>Source Files</Filter>
    </ClCompile>
    <ClCompile Include="..\SharpMocha\swigwin\Source\Preprocessor\cpp.c">
      <Filter>Source Files</Filter>
    </ClCompile>
    <ClCompile Include="..\SharpMocha\swigwin\Source\Preprocessor\expr.c">
      <Filter>Source Files</Filter>
    </ClCompile>
    <ClCompile Include="..\SharpMocha\swigwin\Source\Swig\cwrap.c">
      <Filter>Source Files</Filter>
    </ClCompile>
    <ClCompile Include="..\SharpMocha\swigwin\Source\Swig\deprecate.c">
      <Filter>Source Files</Filter>
    </ClCompile>
    <ClCompile Include="..\SharpMocha\swigwin\Source\Swig\error.c">
      <Filter>Source Files</Filter>
    </ClCompile>
    <ClCompile Include="..\SharpMocha\swigwin\Source\Swig\extend.c">
      <Filter>Source Files</Filter>
    </ClCompile>
    <ClCompile Include="..\SharpMocha\swigwin\Source\Swig\fragment.c">
      <Filter>Source Files</Filter>
    </ClCompile>
    <ClCompile Include="..\SharpMocha\swigwin\Source\Swig\getopt.c">
      <Filter>Source Files</Filter>
    </ClCompile>
    <ClCompile Include="..\SharpMocha\swigwin\Source\Swig\include.c">
      <Filter>Source Files</Filter>
    </ClCompile>
    <ClCompile Include="..\SharpMocha\swigwin\Source\Swig\misc.c">
      <Filter>Source Files</Filter>
    </ClCompile>
    <ClCompile Include="..\SharpMocha\swigwin\Source\Swig\naming.c">
      <Filter>Source Files</Filter>
    </ClCompile>
    <ClCompile Include="..\SharpMocha\swigwin\Source\Swig\parms.c">
      <Filter>Source Files</Filter>
    </ClCompile>
    <ClCompile Include="..\SharpMocha\swigwin\Source\Swig\scanner.c">
      <Filter>Source Files</Filter>
    </ClCompile>
    <ClCompile Include="..\SharpMocha\swigwin\Source\Swig\stype.c">
      <Filter>Source Files</Filter>
    </ClCompile>
    <ClCompile Include="..\SharpMocha\swigwin\Source\Swig\symbol.c">
      <Filter>Source Files</Filter>
    </ClCompile>
    <ClCompile Include="..\SharpMocha\swigwin\Source\Swig\tree.c">
      <Filter>Source Files</Filter>
    </ClCompile>
    <ClCompile Include="..\SharpMocha\swigwin\Source\Swig\typemap.c">
      <Filter>Source Files</Filter>
    </ClCompile>
    <ClCompile Include="..\SharpMocha\swigwin\Source\Swig\typeobj.c">
      <Filter>Source Files</Filter>
    </ClCompile>
    <ClCompile Include="..\SharpMocha\swigwin\Source\Swig\typesys.c">
      <Filter>Source Files</Filter>
    </ClCompile>
    <ClCompile Include="..\SharpMocha\swigwin\Source\Swig\wrapfunc.c">
      <Filter>Source Files</Filter>
    </ClCompile>
    <ClCompile Include="..\SharpMocha\swigwin\Source\CParse\cscanner.c">
      <Filter>Source Files</Filter>
    </ClCompile>
    <ClCompile Include="..\SharpMocha\swigwin\Source\CParse\parser.c">
      <Filter>Source Files</Filter>
    </ClCompile>
    <ClCompile Include="..\SharpMocha\swigwin\Source\CParse\templ.c">
      <Filter>Source Files</Filter>
    </ClCompile>
    <ClCompile Include="..\SharpMocha\swigwin\Source\CParse\util.c">
      <Filter>Source Files</Filter>
    </ClCompile>
    <ClCompile Include="..\SharpMocha\swigwin\Source\DOH\base.c">
      <Filter>Source Files</Filter>
    </ClCompile>
    <ClCompile Include="..\SharpMocha\swigwin\Source\DOH\file.c">
      <Filter>Source Files</Filter>
    </ClCompile>
    <ClCompile Include="..\SharpMocha\swigwin\Source\DOH\fio.c">
      <Filter>Source Files</Filter>
    </ClCompile>
    <ClCompile Include="..\SharpMocha\swigwin\Source\DOH\hash.c">
      <Filter>Source Files</Filter>
    </ClCompile>
    <ClCompile Include="..\SharpMocha\swigwin\Source\DOH\list.c">
      <Filter>Source Files</Filter>
    </ClCompile>
    <ClCompile Include="..\SharpMocha\swigwin\Source\DOH\memory.c">
      <Filter>Source Files</Filter>
    </ClCompile>
    <ClCompile Include="..\SharpMocha\swigwin\Source\DOH\string.c">
      <Filter>Source Files</Filter>
    </ClCompile>
    <ClCompile Include="..\SharpMocha\swigwin\Source\DOH\void.c">
      <Filter>Source Files</Filter>
    </ClCompile>
  </ItemGroup>
  <ItemGroup>
    <ClInclude Include="..\SharpMocha\swigwin\Source\Modules\swigmod.h">
      <Filter>Header Files</Filter>
    </ClInclude>
    <ClInclude Include="..\SharpMocha\swigwin\Source\Preprocessor\preprocessor.h">
      <Filter>Header Files</Filter>
    </ClInclude>
    <ClInclude Include="..\SharpMocha\swigwin\Source\Swig\swig.h">
      <Filter>Header Files</Filter>
    </ClInclude>
    <ClInclude Include="..\SharpMocha\swigwin\Source\Swig\swigfile.h">
      <Filter>Header Files</Filter>
    </ClInclude>
    <ClInclude Include="..\SharpMocha\swigwin\Source\Swig\swigopt.h">
      <Filter>Header Files</Filter>
    </ClInclude>
    <ClInclude Include="..\SharpMocha\swigwin\Source\Swig\swigparm.h">
      <Filter>Header Files</Filter>
    </ClInclude>
    <ClInclude Include="..\SharpMocha\swigwin\Source\Swig\swigscan.h">
      <Filter>Header Files</Filter>
    </ClInclude>
    <ClInclude Include="..\SharpMocha\swigwin\Source\Swig\swigtree.h">
      <Filter>Header Files</Filter>
    </ClInclude>
    <ClInclude Include="..\SharpMocha\swigwin\Source\Swig\swigwrap.h">
      <Filter>Header Files</Filter>
    </ClInclude>
    <ClInclude Include="..\SharpMocha\swigwin\Source\CParse\cparse.h">
      <Filter>Header Files</Filter>
    </ClInclude>
    <ClInclude Include="..\SharpMocha\swigwin\Source\CParse\parser.h">
      <Filter>Header Files</Filter>
    </ClInclude>
    <ClInclude Include="..\SharpMocha\swigwin\Source\DOH\doh.h">
      <Filter>Header Files</Filter>
    </ClInclude>
    <ClInclude Include="..\SharpMocha\swigwin\Source\DOH\dohint.h">
      <Filter>Header Files</Filter>
    </ClInclude>
    <ClInclude Include="..\SharpMocha\swigwin\Source\Include\swigwarn.h">
      <Filter>Header Files</Filter>
    </ClInclude>
  </ItemGroup>
  <ItemGroup>
    <None Include="..\SharpMocha\swigwin\Source\Makefile.am" />
    <None Include="..\SharpMocha\swigwin\Source\Makefile.in" />
    <None Include="..\SharpMocha\swigwin\Source\README" />
  </ItemGroup>
</Project>